
Microsoft Visual Studio Solution File, Format Version 12.00
# Visual Studio Version 16
VisualStudioVersion = 16.0.31019.35
MinimumVisualStudioVersion = 10.0.40219.1
Project("{888888A0-9F3D-457C-B088-3A5042F75D52}") = "pycontrol", "pycontrol\pycontrol.pyproj", "{3FD015E3-2CDE-4F5E-8002-9C357D900BC6}"
EndProject
Global
	GlobalSection(SolutionConfigurationPlatforms) = preSolution
		Debug|Any CPU = Debug|Any CPU
		Release|Any CPU = Release|Any CPU
	EndGlobalSection
	GlobalSection(ProjectConfigurationPlatforms) = postSolution
		{3FD015E3-2CDE-4F5E-8002-9C357D900BC6}.Debug|Any CPU.ActiveCfg = Debug|Any CPU
		{3FD015E3-2CDE-4F5E-8002-9C357D900BC6}.Release|Any CPU.ActiveCfg = Release|Any CPU
	EndGlobalSection
	GlobalSection(SolutionProperties) = preSolution
		HideSolutionNode = FALSE
	EndGlobalSection
	GlobalSection(ExtensibilityGlobals) = postSolution
		SolutionGuid = {86C5C87B-25F0-447F-8050-65701F19902F}
	EndGlobalSection
EndGlobal
